
Microsoft Visual Studio Solution File, Format Version 12.00
# Visual Studio 14
VisualStudioVersion = 14.0.25420.1
MinimumVisualStudioVersion = 10.0.40219.1
Project("{FAE04EC0-301F-11D3-BF4B-00C04F79EFBC}") = "ChallengeSimpleDarts", "ChallengeSimpleDarts\ChallengeSimpleDarts.csproj", "{3BD922C0-70D4-4E28-82A2-C0936870754F}"
EndProject
Project("{FAE04EC0-301F-11D3-BF4B-00C04F79EFBC}") = "Darts", "Darts\Darts.csproj", "{FB196A7D-DE5A-4E27-9DDE-5661E104F6A6}"
EndProject
Global
	GlobalSection(SolutionConfigurationPlatforms) = preSolution
		Debug|Any CPU = Debug|Any CPU
		Release|Any CPU = Release|Any CPU
	EndGlobalSection
	GlobalSection(ProjectConfigurationPlatforms) = postSolution
		{3BD922C0-70D4-4E28-82A2-C0936870754F}.Debug|Any CPU.ActiveCfg = Debug|Any CPU
		{3BD922C0-70D4-4E28-82A2-C0936870754F}.Debug|Any CPU.Build.0 = Debug|Any CPU
		{3BD922C0-70D4-4E28-82A2-C0936870754F}.Release|Any CPU.ActiveCfg = Release|Any CPU
		{3BD922C0-70D4-4E28-82A2-C0936870754F}.Release|Any CPU.Build.0 = Release|Any CPU
		{FB196A7D-DE5A-4E27-9DDE-5661E104F6A6}.Debug|Any CPU.ActiveCfg = Debug|Any CPU
		{FB196A7D-DE5A-4E27-9DDE-5661E104F6A6}.Debug|Any CPU.Build.0 = Debug|Any CPU
		{FB196A7D-DE5A-4E27-9DDE-5661E104F6A6}.Release|Any CPU.ActiveCfg = Release|Any CPU
		{FB196A7D-DE5A-4E27-9DDE-5661E104F6A6}.Release|Any CPU.Build.0 = Release|Any CPU
	EndGlobalSection
	GlobalSection(SolutionProperties) = preSolution
		HideSolutionNode = FALSE
	EndGlobalSection
EndGlobal
